
Microsoft Visual Studio Solution File, Format Version 12.00
# Visual Studio 15
VisualStudioVersion = 15.0.27130.2027
MinimumVisualStudioVersion = 10.0.40219.1
Project("{FAE04EC0-301F-11D3-BF4B-00C04F79EFBC}") = "CalculatorAssignment", "CalculatorAssignment\CalculatorAssignment.csproj", "{C6DEFF8D-3979-4594-BF58-9C514C3D6B9F}"
EndProject
Global
	GlobalSection(SolutionConfigurationPlatforms) = preSolution
		Debug|Any CPU = Debug|Any CPU
		Release|Any CPU = Release|Any CPU
	EndGlobalSection
	GlobalSection(ProjectConfigurationPlatforms) = postSolution
		{C6DEFF8D-3979-4594-BF58-9C514C3D6B9F}.Debug|Any CPU.ActiveCfg = Debug|Any CPU
		{C6DEFF8D-3979-4594-BF58-9C514C3D6B9F}.Debug|Any CPU.Build.0 = Debug|Any CPU
		{C6DEFF8D-3979-4594-BF58-9C514C3D6B9F}.Release|Any CPU.ActiveCfg = Release|Any CPU
		{C6DEFF8D-3979-4594-BF58-9C514C3D6B9F}.Release|Any CPU.Build.0 = Release|Any CPU
	EndGlobalSection
	GlobalSection(SolutionProperties) = preSolution
		HideSolutionNode = FALSE
	EndGlobalSection
	GlobalSection(ExtensibilityGlobals) = postSolution
		SolutionGuid = {3364A5F1-B4CB-439A-95B4-0EBCD9B11BF3}
	EndGlobalSection
EndGlobal
